
Microsoft Visual Studio Solution File, Format Version 12.00
# Visual Studio Version 17
VisualStudioVersion = 17.5.33502.453
MinimumVisualStudioVersion = 10.0.40219.1
Project("{FAE04EC0-301F-11D3-BF4B-00C04F79EFBC}") = "EXERCÍCIO 3 LISTA 6", "EXERCÍCIO 3 LISTA 6\EXERCÍCIO 3 LISTA 6.csproj", "{FF1A2842-5FA7-4C25-B760-188B8B830D7A}"
EndProject
Global
	GlobalSection(SolutionConfigurationPlatforms) = preSolution
		Debug|Any CPU = Debug|Any CPU
		Release|Any CPU = Release|Any CPU
	EndGlobalSection
	GlobalSection(ProjectConfigurationPlatforms) = postSolution
		{FF1A2842-5FA7-4C25-B760-188B8B830D7A}.Debug|Any CPU.ActiveCfg = Debug|Any CPU
		{FF1A2842-5FA7-4C25-B760-188B8B830D7A}.Debug|Any CPU.Build.0 = Debug|Any CPU
		{FF1A2842-5FA7-4C25-B760-188B8B830D7A}.Release|Any CPU.ActiveCfg = Release|Any CPU
		{FF1A2842-5FA7-4C25-B760-188B8B830D7A}.Release|Any CPU.Build.0 = Release|Any CPU
	EndGlobalSection
	GlobalSection(SolutionProperties) = preSolution
		HideSolutionNode = FALSE
	EndGlobalSection
	GlobalSection(ExtensibilityGlobals) = postSolution
		SolutionGuid = {45381EAA-CFE1-4C1F-8345-06B3CC3130F8}
	EndGlobalSection
EndGlobal
